
Microsoft Visual Studio Solution File, Format Version 12.00
# Visual Studio Version 16
VisualStudioVersion = 16.0.31402.337
MinimumVisualStudioVersion = 10.0.40219.1
Project("{9A19103F-16F7-4668-BE54-9A1E7A4F7556}") = "ForumDB", "ForumDB\ForumDB.csproj", "{DE16155C-FE7A-4B04-90BC-E8E283089803}"
EndProject
Project("{FAE04EC0-301F-11D3-BF4B-00C04F79EFBC}") = "ForumWebApi", "ForumWebApi\ForumWebApi.csproj", "{43D30B72-E4AF-4A57-9497-1DC499F79893}"
EndProject
Project("{FAE04EC0-301F-11D3-BF4B-00C04F79EFBC}") = "ForumLib", "ForumLib\ForumLib.csproj", "{6D27EF01-EAA6-445A-AE17-EC0916802452}"
EndProject
Global
	GlobalSection(SolutionConfigurationPlatforms) = preSolution
		Debug|Any CPU = Debug|Any CPU
		Release|Any CPU = Release|Any CPU
	EndGlobalSection
	GlobalSection(ProjectConfigurationPlatforms) = postSolution
		{DE16155C-FE7A-4B04-90BC-E8E283089803}.Debug|Any CPU.ActiveCfg = Debug|Any CPU
		{DE16155C-FE7A-4B04-90BC-E8E283089803}.Debug|Any CPU.Build.0 = Debug|Any CPU
		{DE16155C-FE7A-4B04-90BC-E8E283089803}.Release|Any CPU.ActiveCfg = Release|Any CPU
		{DE16155C-FE7A-4B04-90BC-E8E283089803}.Release|Any CPU.Build.0 = Release|Any CPU
		{43D30B72-E4AF-4A57-9497-1DC499F79893}.Debug|Any CPU.ActiveCfg = Debug|Any CPU
		{43D30B72-E4AF-4A57-9497-1DC499F79893}.Debug|Any CPU.Build.0 = Debug|Any CPU
		{43D30B72-E4AF-4A57-9497-1DC499F79893}.Release|Any CPU.ActiveCfg = Release|Any CPU
		{43D30B72-E4AF-4A57-9497-1DC499F79893}.Release|Any CPU.Build.0 = Release|Any CPU
		{6D27EF01-EAA6-445A-AE17-EC0916802452}.Debug|Any CPU.ActiveCfg = Debug|Any CPU
		{6D27EF01-EAA6-445A-AE17-EC0916802452}.Debug|Any CPU.Build.0 = Debug|Any CPU
		{6D27EF01-EAA6-445A-AE17-EC0916802452}.Release|Any CPU.ActiveCfg = Release|Any CPU
		{6D27EF01-EAA6-445A-AE17-EC0916802452}.Release|Any CPU.Build.0 = Release|Any CPU
	EndGlobalSection
	GlobalSection(SolutionProperties) = preSolution
		HideSolutionNode = FALSE
	EndGlobalSection
	GlobalSection(ExtensibilityGlobals) = postSolution
		SolutionGuid = {7F8569B0-E092-4D9E-9609-88E8EFC3B5AB}
	EndGlobalSection
EndGlobal
